Microsoft Visual Studio Solution File, Format Version 12.00
# Visual Studio Version 17
VisualStudioVersion = 17.5.2.0
MinimumVisualStudioVersion = 10.0.40219.1
Project("{FAE04EC0-301F-11D3-BF4B-00C04F79EFBC}") = "MeuProjetoTop", "MeuProjetoTop.csproj", "{9B539DFC-1935-2179-4719-B4DD7BD043F7}"
EndProject
Global
	GlobalSection(SolutionConfigurationPlatforms) = preSolution
		Debug|Any CPU = Debug|Any CPU
		Release|Any CPU = Release|Any CPU
	EndGlobalSection
	GlobalSection(ProjectConfigurationPlatforms) = postSolution
		{9B539DFC-1935-2179-4719-B4DD7BD043F7}.Debug|Any CPU.ActiveCfg = Debug|Any CPU
		{9B539DFC-1935-2179-4719-B4DD7BD043F7}.Debug|Any CPU.Build.0 = Debug|Any CPU
		{9B539DFC-1935-2179-4719-B4DD7BD043F7}.Release|Any CPU.ActiveCfg = Release|Any CPU
		{9B539DFC-1935-2179-4719-B4DD7BD043F7}.Release|Any CPU.Build.0 = Release|Any CPU
	EndGlobalSection
	GlobalSection(SolutionProperties) = preSolution
		HideSolutionNode = FALSE
	EndGlobalSection
	GlobalSection(ExtensibilityGlobals) = postSolution
		SolutionGuid = {D9EBAF6D-93A5-407F-BEB9-11FE9D79C062}
	EndGlobalSection
EndGlobal
